
Microsoft Visual Studio Solution File, Format Version 12.00
# Visual Studio 2013
VisualStudioVersion = 12.0.31101.0
MinimumVisualStudioVersion = 10.0.40219.1
Project("{FAE04EC0-301F-11D3-BF4B-00C04F79EFBC}") = "Mantenimiento", "Mantenimiento\Mantenimiento.csproj", "{89C34625-D08A-4037-8A31-6095EE73E81A}"
EndProject
Project("{FAE04EC0-301F-11D3-BF4B-00C04F79EFBC}") = "Datos", "Datos\Datos.csproj", "{1BF22033-4679-4396-B578-8B92A49022E3}"
EndProject
Project("{FAE04EC0-301F-11D3-BF4B-00C04F79EFBC}") = "Negocio", "Negocio\Negocio.csproj", "{FA780B65-5552-4045-BB31-B89C3673D47A}"
EndProject
Project("{FAE04EC0-301F-11D3-BF4B-00C04F79EFBC}") = "Entidades", "Entidades\Entidades.csproj", "{C6C1BE98-13C8-4720-8D6F-01C4E3597D82}"
EndProject
Global
	GlobalSection(SolutionConfigurationPlatforms) = preSolution
		Debug|Any CPU = Debug|Any CPU
		Release|Any CPU = Release|Any CPU
	EndGlobalSection
	GlobalSection(ProjectConfigurationPlatforms) = postSolution
		{89C34625-D08A-4037-8A31-6095EE73E81A}.Debug|Any CPU.ActiveCfg = Debug|Any CPU
		{89C34625-D08A-4037-8A31-6095EE73E81A}.Debug|Any CPU.Build.0 = Debug|Any CPU
		{89C34625-D08A-4037-8A31-6095EE73E81A}.Release|Any CPU.ActiveCfg = Release|Any CPU
		{89C34625-D08A-4037-8A31-6095EE73E81A}.Release|Any CPU.Build.0 = Release|Any CPU
		{1BF22033-4679-4396-B578-8B92A49022E3}.Debug|Any CPU.ActiveCfg = Debug|Any CPU
		{1BF22033-4679-4396-B578-8B92A49022E3}.Debug|Any CPU.Build.0 = Debug|Any CPU
		{1BF22033-4679-4396-B578-8B92A49022E3}.Release|Any CPU.ActiveCfg = Release|Any CPU
		{1BF22033-4679-4396-B578-8B92A49022E3}.Release|Any CPU.Build.0 = Release|Any CPU
		{FA780B65-5552-4045-BB31-B89C3673D47A}.Debug|Any CPU.ActiveCfg = Debug|Any CPU
		{FA780B65-5552-4045-BB31-B89C3673D47A}.Debug|Any CPU.Build.0 = Debug|Any CPU
		{FA780B65-5552-4045-BB31-B89C3673D47A}.Release|Any CPU.ActiveCfg = Release|Any CPU
		{FA780B65-5552-4045-BB31-B89C3673D47A}.Release|Any CPU.Build.0 = Release|Any CPU
		{C6C1BE98-13C8-4720-8D6F-01C4E3597D82}.Debug|Any CPU.ActiveCfg = Debug|Any CPU
		{C6C1BE98-13C8-4720-8D6F-01C4E3597D82}.Debug|Any CPU.Build.0 = Debug|Any CPU
		{C6C1BE98-13C8-4720-8D6F-01C4E3597D82}.Release|Any CPU.ActiveCfg = Release|Any CPU
		{C6C1BE98-13C8-4720-8D6F-01C4E3597D82}.Release|Any CPU.Build.0 = Release|Any CPU
	EndGlobalSection
	GlobalSection(SolutionProperties) = preSolution
		HideSolutionNode = FALSE
	EndGlobalSection
EndGlobal
